
Microsoft Visual Studio Solution File, Format Version 12.00
# Visual Studio Version 17
VisualStudioVersion = 17.2.32616.157
MinimumVisualStudioVersion = 10.0.40219.1
Project("{FAE04EC0-301F-11D3-BF4B-00C04F79EFBC}") = "ListFiltering", "ListFiltering\ListFiltering.csproj", "{88010BF5-12F9-4BDF-BC73-AD5B130FAF2C}"
EndProject
Project("{FAE04EC0-301F-11D3-BF4B-00C04F79EFBC}") = "ListFiltering.Tests", "ListFiltering.Tests\ListFiltering.Tests.csproj", "{9ABA7E3F-9851-4885-95F5-1CFFA45598B6}"
EndProject
Global
	GlobalSection(SolutionConfigurationPlatforms) = preSolution
		Debug|Any CPU = Debug|Any CPU
		Release|Any CPU = Release|Any CPU
	EndGlobalSection
	GlobalSection(ProjectConfigurationPlatforms) = postSolution
		{88010BF5-12F9-4BDF-BC73-AD5B130FAF2C}.Debug|Any CPU.ActiveCfg = Debug|Any CPU
		{88010BF5-12F9-4BDF-BC73-AD5B130FAF2C}.Debug|Any CPU.Build.0 = Debug|Any CPU
		{88010BF5-12F9-4BDF-BC73-AD5B130FAF2C}.Release|Any CPU.ActiveCfg = Release|Any CPU
		{88010BF5-12F9-4BDF-BC73-AD5B130FAF2C}.Release|Any CPU.Build.0 = Release|Any CPU
		{9ABA7E3F-9851-4885-95F5-1CFFA45598B6}.Debug|Any CPU.ActiveCfg = Debug|Any CPU
		{9ABA7E3F-9851-4885-95F5-1CFFA45598B6}.Debug|Any CPU.Build.0 = Debug|Any CPU
		{9ABA7E3F-9851-4885-95F5-1CFFA45598B6}.Release|Any CPU.ActiveCfg = Release|Any CPU
		{9ABA7E3F-9851-4885-95F5-1CFFA45598B6}.Release|Any CPU.Build.0 = Release|Any CPU
	EndGlobalSection
	GlobalSection(SolutionProperties) = preSolution
		HideSolutionNode = FALSE
	EndGlobalSection
	GlobalSection(ExtensibilityGlobals) = postSolution
		SolutionGuid = {C43C355F-51FD-4FE9-BC34-54A16ECE7116}
	EndGlobalSection
EndGlobal
